
Microsoft Visual Studio Solution File, Format Version 12.00
# Visual Studio 15
VisualStudioVersion = 15.0.28307.106
MinimumVisualStudioVersion = 10.0.40219.1
Project("{FAE04EC0-301F-11D3-BF4B-00C04F79EFBC}") = "VacationPlanner", "VacationPlanner\VacationPlanner.csproj", "{611FCFDA-3584-4348-953B-57CC9111C320}"
EndProject
Global
	GlobalSection(SolutionConfigurationPlatforms) = preSolution
		Debug|Any CPU = Debug|Any CPU
		Release|Any CPU = Release|Any CPU
	EndGlobalSection
	GlobalSection(ProjectConfigurationPlatforms) = postSolution
		{611FCFDA-3584-4348-953B-57CC9111C320}.Debug|Any CPU.ActiveCfg = Debug|Any CPU
		{611FCFDA-3584-4348-953B-57CC9111C320}.Debug|Any CPU.Build.0 = Debug|Any CPU
		{611FCFDA-3584-4348-953B-57CC9111C320}.Release|Any CPU.ActiveCfg = Release|Any CPU
		{611FCFDA-3584-4348-953B-57CC9111C320}.Release|Any CPU.Build.0 = Release|Any CPU
	EndGlobalSection
	GlobalSection(SolutionProperties) = preSolution
		HideSolutionNode = FALSE
	EndGlobalSection
	GlobalSection(ExtensibilityGlobals) = postSolution
		SolutionGuid = {559B76D6-46EF-48AE-A0DC-85C082E0932E}
	EndGlobalSection
EndGlobal
